
Microsoft Visual Studio Solution File, Format Version 12.00
# Visual Studio Version 16
VisualStudioVersion = 16.0.31424.327
MinimumVisualStudioVersion = 10.0.40219.1
Project("{9A19103F-16F7-4668-BE54-9A1E7A4F7556}") = "CakeShop.Domain", "CakeShop.Domain\CakeShop.Domain.csproj", "{7AA4EFDD-58FF-4EB1-8843-222216830D61}"
EndProject
Project("{9A19103F-16F7-4668-BE54-9A1E7A4F7556}") = "CakeShop.Infrastructure", "CakeShop.Infrastructure\CakeShop.Infrastructure.csproj", "{13EEA4CE-0730-4757-B632-0001DFD6E87C}"
EndProject
Project("{9A19103F-16F7-4668-BE54-9A1E7A4F7556}") = "CakeShop.Api", "CakeShop.Api\CakeShop.Api.csproj", "{271476B2-C2A6-406D-8CB3-EACAE850AE47}"
EndProject
Project("{9A19103F-16F7-4668-BE54-9A1E7A4F7556}") = "CakeShop.WebApp", "CakeShop.WebApp\CakeShop.WebApp.csproj", "{1A504B3C-DC7D-4038-8636-7CC8E2BF3999}"
EndProject
Project("{9A19103F-16F7-4668-BE54-9A1E7A4F7556}") = "CakeShop.Dtos", "CakeShop.Dtos\CakeShop.Dtos.csproj", "{35F3BCFD-9C5A-4224-B9C7-F93E7D55FD94}"
EndProject
Project("{FAE04EC0-301F-11D3-BF4B-00C04F79EFBC}") = "CakeShop.AdminApp", "CakeShop.AdminApp\CakeShop.AdminApp.csproj", "{8C0263B5-D619-47CC-ABFA-C04C3C508CB7}"
EndProject
Global
	GlobalSection(SolutionConfigurationPlatforms) = preSolution
		Debug|Any CPU = Debug|Any CPU
		Release|Any CPU = Release|Any CPU
	EndGlobalSection
	GlobalSection(ProjectConfigurationPlatforms) = postSolution
		{7AA4EFDD-58FF-4EB1-8843-222216830D61}.Debug|Any CPU.ActiveCfg = Debug|Any CPU
		{7AA4EFDD-58FF-4EB1-8843-222216830D61}.Debug|Any CPU.Build.0 = Debug|Any CPU
		{7AA4EFDD-58FF-4EB1-8843-222216830D61}.Release|Any CPU.ActiveCfg = Release|Any CPU
		{7AA4EFDD-58FF-4EB1-8843-222216830D61}.Release|Any CPU.Build.0 = Release|Any CPU
		{13EEA4CE-0730-4757-B632-0001DFD6E87C}.Debug|Any CPU.ActiveCfg = Debug|Any CPU
		{13EEA4CE-0730-4757-B632-0001DFD6E87C}.Debug|Any CPU.Build.0 = Debug|Any CPU
		{13EEA4CE-0730-4757-B632-0001DFD6E87C}.Release|Any CPU.ActiveCfg = Release|Any CPU
		{13EEA4CE-0730-4757-B632-0001DFD6E87C}.Release|Any CPU.Build.0 = Release|Any CPU
		{271476B2-C2A6-406D-8CB3-EACAE850AE47}.Debug|Any CPU.ActiveCfg = Debug|Any CPU
		{271476B2-C2A6-406D-8CB3-EACAE850AE47}.Debug|Any CPU.Build.0 = Debug|Any CPU
		{271476B2-C2A6-406D-8CB3-EACAE850AE47}.Release|Any CPU.ActiveCfg = Release|Any CPU
		{271476B2-C2A6-406D-8CB3-EACAE850AE47}.Release|Any CPU.Build.0 = Release|Any CPU
		{1A504B3C-DC7D-4038-8636-7CC8E2BF3999}.Debug|Any CPU.ActiveCfg = Debug|Any CPU
		{1A504B3C-DC7D-4038-8636-7CC8E2BF3999}.Debug|Any CPU.Build.0 = Debug|Any CPU
		{1A504B3C-DC7D-4038-8636-7CC8E2BF3999}.Release|Any CPU.ActiveCfg = Release|Any CPU
		{1A504B3C-DC7D-4038-8636-7CC8E2BF3999}.Release|Any CPU.Build.0 = Release|Any CPU
		{35F3BCFD-9C5A-4224-B9C7-F93E7D55FD94}.Debug|Any CPU.ActiveCfg = Debug|Any CPU
		{35F3BCFD-9C5A-4224-B9C7-F93E7D55FD94}.Debug|Any CPU.Build.0 = Debug|Any CPU
		{35F3BCFD-9C5A-4224-B9C7-F93E7D55FD94}.Release|Any CPU.ActiveCfg = Release|Any CPU
		{35F3BCFD-9C5A-4224-B9C7-F93E7D55FD94}.Release|Any CPU.Build.0 = Release|Any CPU
		{8C0263B5-D619-47CC-ABFA-C04C3C508CB7}.Debug|Any CPU.ActiveCfg = Debug|Any CPU
		{8C0263B5-D619-47CC-ABFA-C04C3C508CB7}.Debug|Any CPU.Build.0 = Debug|Any CPU
		{8C0263B5-D619-47CC-ABFA-C04C3C508CB7}.Release|Any CPU.ActiveCfg = Release|Any CPU
		{8C0263B5-D619-47CC-ABFA-C04C3C508CB7}.Release|Any CPU.Build.0 = Release|Any CPU
	EndGlobalSection
	GlobalSection(SolutionProperties) = preSolution
		HideSolutionNode = FALSE
	EndGlobalSection
	GlobalSection(ExtensibilityGlobals) = postSolution
		SolutionGuid = {4F81F121-FC57-4DA6-9411-0C54F9352838}
	EndGlobalSection
EndGlobal
